// !$*UTF8*$!
{
	archiveVersion = 1;
	classes = {
	};
	objectVersion = 50;
	objects = {

/* Begin PBXBuildFile section */
		62E3B11224E8FA2B00D09091 /* AppDelegate.swift in Sources */ = {isa = PBXBuildFile; fileRef = 62E3B11124E8FA2B00D09091 /* AppDelegate.swift */; };
		62E3B11424E8FA2B00D09091 /* SceneDelegate.swift in Sources */ = {isa = PBXBuildFile; fileRef = 62E3B11324E8FA2B00D09091 /* SceneDelegate.swift */; };
		62E3B11624E8FA2B00D09091 /* ViewController.swift in Sources */ = {isa = PBXBuildFile; fileRef = 62E3B11524E8FA2B00D09091 /* ViewController.swift */; };
		62E3B11924E8FA2B00D09091 /* Main.storyboard in Resources */ = {isa = PBXBuildFile; fileRef = 62E3B11724E8FA2B00D09091 /* Main.storyboard */; };
		62E3B11B24E8FA2C00D09091 /* Assets.xcassets in Resources */ = {isa = PBXBuildFile; fileRef = 62E3B11A24E8FA2C00D09091 /* Assets.xcassets */; };
		62E3B11E24E8FA2C00D09091 /* LaunchScreen.storyboard in Resources */ = {isa = PBXBuildFile; fileRef = 62E3B11C24E8FA2C00D09091 /* LaunchScreen.storyboard */; };
/* End PBXBuildFile section */

/* Begin PBXFileReference section */
		628F090124E98624004A873A /* WarCardGame.entitlements */ = {isa = PBXFileReference; lastKnownFileType = text.plist.entitlements; path = WarCardGame.entitlements; sourceTree = "<group>"; };
		62E3B10E24E8FA2B00D09091 /* WarCardGame.app */ = {isa = PBXFileReference; explicitFileType = wrapper.application; includeInIndex = 0; path = WarCardGame.app; sourceTree = BUILT_PRODUCTS_DIR; };
		62E3B11124E8FA2B00D09091 /* AppDelegate.swift */ = {isa = PBXFileReference; lastKnownFileType = sourcecode.swift; path = AppDelegate.swift; sourceTree = "<group>"; };
		62E3B11324E8FA2B00D09091 /* SceneDelegate.swift */ = {isa = PBXFileReference; lastKnownFileType = sourcecode.swift; path = SceneDelegate.swift; sourceTree = "<group>"; };
		62E3B11524E8FA2B00D09091 /* ViewController.swift */ = {isa = PBXFileReference; lastKnownFileType = sourcecode.swift; path = ViewController.swift; sourceTree = "<group>"; };
		62E3B11824E8FA2B00D09091 /* Base */ = {isa = PBXFileReference; lastKnownFileType = file.storyboard; name = Base; path = Base.lproj/Main.storyboard; sourceTree = "<group>"; };
		62E3B11A24E8FA2C00D09091 /* Assets.xcassets */ = {isa = PBXFileReference; lastKnownFileType = folder.assetcatalog; path = Assets.xcassets; sourceTree = "<group>"; };
		62E3B11D24E8FA2C00D09091 /* Base */ = {isa = PBXFileReference; lastKnownFileType = file.storyboard; name = Base; path = Base.lproj/LaunchScreen.storyboard; sourceTree = "<group>"; };
		62E3B11F24E8FA2C00D09091 /* Info.plist */ = {isa = PBXFileReference; lastKnownFileType = text.plist.xml; path = Info.plist; sourceTree = "<group>"; };
/* End PBXFileReference section */

/* Begin PBXFrameworksBuildPhase section */
		62E3B10B24E8FA2B00D09091 /* Frameworks */ = {
			isa = PBXFrameworksBuildPhase;
			buildActionMask = 2147483647;
			files = (
			);
			runOnlyForDeploymentPostprocessing = 0;
		};
/* End PBXFrameworksBuildPhase section */

/* Begin PBXGroup section */
		62E3B10524E8FA2B00D09091 = {
			isa = PBXGroup;
			children = (
				62E3B11024E8FA2B00D09091 /* WarCard */,
				62E3B10F24E8FA2B00D09091 /* Products */,
			);
			sourceTree = "<group>";
		};
		62E3B10F24E8FA2B00D09091 /* Products */ = {
			isa = PBXGroup;
			children = (
				62E3B10E24E8FA2B00D09091 /* WarCardGame.app */,
			);
			name = Products;
			sourceTree = "<group>";
		};
		62E3B11024E8FA2B00D09091 /* WarCard */ = {
			isa = PBXGroup;
			children = (
				628F090124E98624004A873A /* WarCardGame.entitlements */,
				62E3B11124E8FA2B00D09091 /* AppDelegate.swift */,
				62E3B11324E8FA2B00D09091 /* SceneDelegate.swift */,
				62E3B11524E8FA2B00D09091 /* ViewController.swift */,
				62E3B11724E8FA2B00D09091 /* Main.storyboard */,
				62E3B11A24E8FA2C00D09091 /* Assets.xcassets */,
				62E3B11C24E8FA2C00D09091 /* LaunchScreen.storyboard */,
				62E3B11F24E8FA2C00D09091 /* Info.plist */,
			);
			path = WarCard;
			sourceTree = "<group>";
		};
/* End PBXGroup section */

/* Begin PBXNativeTarget section */
		62E3B10D24E8FA2B00D09091 /* WarCard */ = {
			isa = PBXNativeTarget;
			buildConfigurationList = 62E3B12224E8FA2C00D09091 /* Build configuration list for PBXNativeTarget "WarCard" */;
			buildPhases = (
				62E3B10A24E8FA2B00D09091 /* Sources */,
				62E3B10B24E8FA2B00D09091 /* Frameworks */,
				62E3B10C24E8FA2B00D09091 /* Resources */,
			);
			buildRules = (
			);
			dependencies = (
			);
			name = WarCard;
			productName = WarCard;
			productReference = 62E3B10E24E8FA2B00D09091 /* WarCardGame.app */;
			productType = "com.apple.product-type.application";
		};
/* End PBXNativeTarget section */

/* Begin PBXProject section */
		62E3B10624E8FA2B00D09091 /* Project object */ = {
			isa = PBXProject;
			attributes = {
				LastSwiftUpdateCheck = 1160;
				LastUpgradeCheck = 1160;
				ORGANIZATIONNAME = "Diya Bera";
				TargetAttributes = {
					62E3B10D24E8FA2B00D09091 = {
						CreatedOnToolsVersion = 11.6;
					};
				};
			};
			buildConfigurationList = 62E3B10924E8FA2B00D09091 /* Build configuration list for PBXProject "WarCard" */;
			compatibilityVersion = "Xcode 9.3";
			developmentRegion = en;
			hasScannedForEncodings = 0;
			knownRegions = (
				en,
				Base,
			);
			mainGroup = 62E3B10524E8FA2B00D09091;
			productRefGroup = 62E3B10F24E8FA2B00D09091 /* Products */;
			projectDirPath = "";
			projectRoot = "";
			targets = (
				62E3B10D24E8FA2B00D09091 /* WarCard */,
			);
		};
/* End PBXProject section */

/* Begin PBXResourcesBuildPhase section */
		62E3B10C24E8FA2B00D09091 /* Resources */ = {
			isa = PBXResourcesBuildPhase;
			buildActionMask = 2147483647;
			files = (
				62E3B11E24E8FA2C00D09091 /* LaunchScreen.storyboard in Resources */,
				62E3B11B24E8FA2C00D09091 /* Assets.xcassets in Resources */,
				62E3B11924E8FA2B00D09091 /* Main.storyboard in Resources */,
			);
			runOnlyForDeploymentPostprocessing = 0;
		};
/* End PBXResourcesBuildPhase section */

/* Begin PBXSourcesBuildPhase section */
		62E3B10A24E8FA2B00D09091 /* Sources */ = {
			isa = PBXSourcesBuildPhase;
			buildActionMask = 2147483647;
			files = (
				62E3B11624E8FA2B00D09091 /* ViewController.swift in Sources */,
				62E3B11224E8FA2B00D09091 /* AppDelegate.swift in Sources */,
				62E3B11424E8FA2B00D09091 /* SceneDelegate.swift in Sources */,
			);
			runOnlyForDeploymentPostprocessing = 0;
		};
/* End PBXSourcesBuildPhase section */

/* Begin PBXVariantGroup section */
		62E3B11724E8FA2B00D09091 /* Main.storyboard */ = {
			isa = PBXVariantGroup;
			children = (
				62E3B11824E8FA2B00D09091 /* Base */,
			);
			name = Main.storyboard;
			sourceTree = "<group>";
		};
		62E3B11C24E8FA2C00D09091 /* LaunchScreen.storyboard */ = {
			isa = PBXVariantGroup;
			children = (
				62E3B11D24E8FA2C00D09091 /* Base */,
			);
			name = LaunchScreen.storyboard;
			sourceTree = "<group>";
		};
/* End PBXVariantGroup section */

/* Begin XCBuildConfiguration section */
		62E3B12024E8FA2C00D09091 /* Debug */ = {
			isa = XCBuildConfiguration;
			buildSettings = {
				ALWAYS_SEARCH_USER_PATHS = NO;
				CLANG_ANALYZER_NONNULL = YES;
				CLANG_ANALYZER_NUMBER_OBJECT_CONVERSION = YES_AGGRESSIVE;
				CLANG_CXX_LANGUAGE_STANDARD = "gnu++14";
				CLANG_CXX_LIBRARY = "libc++";
				CLANG_ENABLE_MODULES = YES;
				CLANG_ENABLE_OBJC_ARC = YES;
				CLANG_ENABLE_OBJC_WEAK = YES;
				CLANG_WARN_BLOCK_CAPTURE_AUTORELEASING = YES;
				CLANG_WARN_BOOL_CONVERSION = YES;
				CLANG_WARN_COMMA = YES;
				CLANG_WARN_CONSTANT_CONVERSION = YES;
				CLANG_WARN_DEPRECATED_OBJC_IMPLEMENTATIONS = YES;
				CLANG_WARN_DIRECT_OBJC_ISA_USAGE = YES_ERROR;
				CLANG_WARN_DOCUMENTATION_COMMENTS = YES;
				CLANG_WARN_EMPTY_BODY = YES;
				CLANG_WARN_ENUM_CONVERSION = YES;
				CLANG_WARN_INFINITE_RECURSION = YES;
				CLANG_WARN_INT_CONVERSION = YES;
				CLANG_WARN_NON_LITERAL_NULL_CONVERSION = YES;
				CLANG_WARN_OBJC_IMPLICIT_RETAIN_SELF = YES;
				CLANG_WARN_OBJC_LITERAL_CONVERSION = YES;
				CLANG_WARN_OBJC_ROOT_CLASS = YES_ERROR;
				CLANG_WARN_RANGE_LOOP_ANALYSIS = YES;
				CLANG_WARN_STRICT_PROTOTYPES = YES;
				CLANG_WARN_SUSPICIOUS_MOVE = YES;
				CLANG_WARN_UNGUARDED_AVAILABILITY = YES_AGGRESSIVE;
				CLANG_WARN_UNREACHABLE_CODE = YES;
				CLANG_WARN__DUPLICATE_METHOD_MATCH = YES;
				COPY_PHASE_STRIP = NO;
				DEBUG_INFORMATION_FORMAT = dwarf;
				ENABLE_STRICT_OBJC_MSGSEND = YES;
				ENABLE_TESTABILITY = YES;
				GCC_C_LANGUAGE_STANDARD = gnu11;
				GCC_DYNAMIC_NO_PIC = NO;
				GCC_NO_COMMON_BLOCKS = YES;
				GCC_OPTIMIZATION_LEVEL = 0;
				GCC_PREPROCESSOR_DEFINITIONS = (
					"DEBUG=1",
					"$(inherited)",
				);
				GCC_WARN_64_TO_32_BIT_CONVERSION = YES;
				GCC_WARN_ABOUT_RETURN_TYPE = YES_ERROR;
				GCC_WARN_UNDECLARED_SELECTOR = YES;
				GCC_WARN_UNINITIALIZED_AUTOS = YES_AGGRESSIVE;
				GCC_WARN_UNUSED_FUNCTION = YES;
				GCC_WARN_UNUSED_VARIABLE = YES;
				IPHONEOS_DEPLOYMENT_TARGET = 13.6;
				MTL_ENABLE_DEBUG_INFO = INCLUDE_SOURCE;
				MTL_FAST_MATH = YES;
				ONLY_ACTIVE_ARCH = YES;
				SDKROOT = iphoneos;
				SWIFT_ACTIVE_COMPILATION_CONDITIONS = DEBUG;
				SWIFT_OPTIMIZATION_LEVEL = "-Onone";
			};
			name = Debug;
		};
		62E3B12124E8FA2C00D09091 /* Release */ = {
			isa = XCBuildConfiguration;
			buildSettings = {
				ALWAYS_SEARCH_USER_PATHS = NO;
				CLANG_ANALYZER_NONNULL = YES;
				CLANG_ANALYZER_NUMBER_OBJECT_CONVERSION = YES_AGGRESSIVE;
				CLANG_CXX_LANGUAGE_STANDARD = "gnu++14";
				CLANG_CXX_LIBRARY = "libc++";
				CLANG_ENABLE_MODULES = YES;
				CLANG_ENABLE_OBJC_ARC = YES;
				CLANG_ENABLE_OBJC_WEAK = YES;
				CLANG_WARN_BLOCK_CAPTURE_AUTORELEASING = YES;
				CLANG_WARN_BOOL_CONVERSION = YES;
				CLANG_WARN_COMMA = YES;
				CLANG_WARN_CONSTANT_CONVERSION = YES;
				CLANG_WARN_DEPRECATED_OBJC_IMPLEMENTATIONS = YES;
				CLANG_WARN_DIRECT_OBJC_ISA_USAGE = YES_ERROR;
				CLANG_WARN_DOCUMENTATION_COMMENTS = YES;
				CLANG_WARN_EMPTY_BODY = YES;
				CLANG_WARN_ENUM_CONVERSION = YES;
				CLANG_WARN_INFINITE_RECURSION = YES;
				CLANG_WARN_INT_CONVERSION = YES;
				CLANG_WARN_NON_LITERAL_NULL_CONVERSION = YES;
				CLANG_WARN_OBJC_IMPLICIT_RETAIN_SELF = YES;
				CLANG_WARN_OBJC_LITERAL_CONVERSION = YES;
				CLANG_WARN_OBJC_ROOT_CLASS = YES_ERROR;
				CLANG_WARN_RANGE_LOOP_ANALYSIS = YES;
				CLANG_WARN_STRICT_PROTOTYPES = YES;
				CLANG_WARN_SUSPICIOUS_MOVE = YES;
				CLANG_WARN_UNGUARDED_AVAILABILITY = YES_AGGRESSIVE;
				CLANG_WARN_UNREACHABLE_CODE = YES;
				CLANG_WARN__DUPLICATE_METHOD_MATCH = YES;
				COPY_PHASE_STRIP = NO;
				DEBUG_INFORMATION_FORMAT = "dwarf-with-dsym";
				ENABLE_NS_ASSERTIONS = NO;
				ENABLE_STRICT_OBJC_MSGSEND = YES;
				GCC_C_LANGUAGE_STANDARD = gnu11;
				GCC_NO_COMMON_BLOCKS = YES;
				GCC_WARN_64_TO_32_BIT_CONVERSION = YES;
				GCC_WARN_ABOUT_RETURN_TYPE = YES_ERROR;
				GCC_WARN_UNDECLARED_SELECTOR = YES;
				GCC_WARN_UNINITIALIZED_AUTOS = YES_AGGRESSIVE;
				GCC_WARN_UNUSED_FUNCTION = YES;
				GCC_WARN_UNUSED_VARIABLE = YES;
				IPHONEOS_DEPLOYMENT_TARGET = 13.6;
				MTL_ENABLE_DEBUG_INFO = NO;
				MTL_FAST_MATH = YES;
				SDKROOT = iphoneos;
				SWIFT_COMPILATION_MODE = wholemodule;
				SWIFT_OPTIMIZATION_LEVEL = "-O";
				VALIDATE_PRODUCT = YES;
			};
			name = Release;
		};
		62E3B12324E8FA2C00D09091 /* Debug */ = {
			isa = XCBuildConfiguration;
			buildSettings = {
				ASSETCATALOG_COMPILER_APPICON_NAME = AppIcon;
				CODE_SIGN_ENTITLEMENTS = WarCard/WarCardGame.entitlements;
				CODE_SIGN_STYLE = Automatic;
				DEVELOPMENT_TEAM = Z6PSGXNP3W;
				INFOPLIST_FILE = WarCard/Info.plist;
				IPHONEOS_DEPLOYMENT_TARGET = 13.0;
				LD_RUNPATH_SEARCH_PATHS = (
					"$(inherited)",
					"@executable_path/Frameworks",
				);
				PRODUCT_BUNDLE_IDENTIFIER = com.diyabera.WarCard;
				PRODUCT_NAME = WarCardGame;
				SUPPORTS_MACCATALYST = YES;
				SWIFT_VERSION = 5.0;
				TARGETED_DEVICE_FAMILY = "1,2";
			};
			name = Debug;
		};
		62E3B12424E8FA2C00D09091 /* Release */ = {
			isa = XCBuildConfiguration;
			buildSettings = {
				ASSETCATALOG_COMPILER_APPICON_NAME = AppIcon;
				CODE_SIGN_ENTITLEMENTS = WarCard/WarCardGame.entitlements;
				CODE_SIGN_STYLE = Automatic;
				DEVELOPMENT_TEAM = Z6PSGXNP3W;
				INFOPLIST_FILE = WarCard/Info.plist;
				IPHONEOS_DEPLOYMENT_TARGET = 13.0;
				LD_RUNPATH_SEARCH_PATHS = (
					"$(inherited)",
					"@executable_path/Frameworks",
				);
				PRODUCT_BUNDLE_IDENTIFIER = com.diyabera.WarCard;
				PRODUCT_NAME = WarCardGame;
				SUPPORTS_MACCATALYST = YES;
				SWIFT_VERSION = 5.0;
				TARGETED_DEVICE_FAMILY = "1,2";
			};
			name = Release;
		};
/* End XCBuildConfiguration section */

/* Begin XCConfigurationList section */
		62E3B10924E8FA2B00D09091 /* Build configuration list for PBXProject "WarCard" */ = {
			isa = XCConfigurationList;
			buildConfigurations = (
				62E3B12024E8FA2C00D09091 /* Debug */,
				62E3B12124E8FA2C00D09091 /* Release */,
			);
			defaultConfigurationIsVisible = 0;
			defaultConfigurationName = Release;
		};
		62E3B12224E8FA2C00D09091 /* Build configuration list for PBXNativeTarget "WarCard" */ = {
			isa = XCConfigurationList;
			buildConfigurations = (
				62E3B12324E8FA2C00D09091 /* Debug */,
				62E3B12424E8FA2C00D09091 /* Release */,
			);
			defaultConfigurationIsVisible = 0;
			defaultConfigurationName = Release;
		};
/* End XCConfigurationList section */
	};
	rootObject = 62E3B10624E8FA2B00D09091 /* Project object */;
}
